
Microsoft Visual Studio Solution File, Format Version 12.00
# Visual Studio Version 16
VisualStudioVersion = 16.0.31515.178
MinimumVisualStudioVersion = 10.0.40219.1
Project("{FAE04EC0-301F-11D3-BF4B-00C04F79EFBC}") = "IdentityServer", "IdentityServer\IdentityServer.csproj", "{CC946B0C-EF1D-4EC6-A1DF-01D9B4673807}"
EndProject
Project("{9A19103F-16F7-4668-BE54-9A1E7A4F7556}") = "IdentityClient", "IdentityClient\IdentityClient.csproj", "{B2BD2CE8-CA74-4A16-BB23-F1623E50CC9B}"
EndProject
Global
	GlobalSection(SolutionConfigurationPlatforms) = preSolution
		Debug|Any CPU = Debug|Any CPU
		Release|Any CPU = Release|Any CPU
	EndGlobalSection
	GlobalSection(ProjectConfigurationPlatforms) = postSolution
		{CC946B0C-EF1D-4EC6-A1DF-01D9B4673807}.Debug|Any CPU.ActiveCfg = Debug|Any CPU
		{CC946B0C-EF1D-4EC6-A1DF-01D9B4673807}.Debug|Any CPU.Build.0 = Debug|Any CPU
		{CC946B0C-EF1D-4EC6-A1DF-01D9B4673807}.Release|Any CPU.ActiveCfg = Release|Any CPU
		{CC946B0C-EF1D-4EC6-A1DF-01D9B4673807}.Release|Any CPU.Build.0 = Release|Any CPU
		{B2BD2CE8-CA74-4A16-BB23-F1623E50CC9B}.Debug|Any CPU.ActiveCfg = Debug|Any CPU
		{B2BD2CE8-CA74-4A16-BB23-F1623E50CC9B}.Debug|Any CPU.Build.0 = Debug|Any CPU
		{B2BD2CE8-CA74-4A16-BB23-F1623E50CC9B}.Release|Any CPU.ActiveCfg = Release|Any CPU
		{B2BD2CE8-CA74-4A16-BB23-F1623E50CC9B}.Release|Any CPU.Build.0 = Release|Any CPU
	EndGlobalSection
	GlobalSection(SolutionProperties) = preSolution
		HideSolutionNode = FALSE
	EndGlobalSection
	GlobalSection(ExtensibilityGlobals) = postSolution
		SolutionGuid = {DA1DCB54-BFFE-4C18-86BA-7D23EE4BE22D}
	EndGlobalSection
EndGlobal
