
Microsoft Visual Studio Solution File, Format Version 12.00
# Visual Studio 15
VisualStudioVersion = 15.0.27130.2036
MinimumVisualStudioVersion = 10.0.40219.1
Project("{2150E333-8FDC-42A3-9474-1A3956D46DE8}") = "SSO", "SSO", "{26C952FA-F76E-4F52-A7A1-BC00A1CC8711}"
EndProject
Project("{2150E333-8FDC-42A3-9474-1A3956D46DE8}") = "Signature", "Signature", "{3FB89FAB-5EA7-4591-918E-35EEA6A54130}"
EndProject
Project("{2150E333-8FDC-42A3-9474-1A3956D46DE8}") = "Metadata", "Metadata", "{75954B99-E8E1-449F-9F89-9AE531FA7443}"
EndProject
Project("{2150E333-8FDC-42A3-9474-1A3956D46DE8}") = "Configuration", "Configuration", "{86D07B36-D057-468C-8DDF-28C33631E53D}"
EndProject
Project("{2150E333-8FDC-42A3-9474-1A3956D46DE8}") = "Certificate", "Certificate", "{77D297C1-BFCE-4372-9CE0-782B3B440721}"
EndProject
Project("{2150E333-8FDC-42A3-9474-1A3956D46DE8}") = "Encryption", "Encryption", "{48646801-56F0-4A3F-80E7-A24B04F45704}"
EndProject
Project("{9A19103F-16F7-4668-BE54-9A1E7A4F7556}") = "CreateSelfSignedCert", "Certificate\CreateSelfSignedCert\CreateSelfSignedCert.csproj", "{B013770B-5348-4BBF-9E0D-275550AFD506}"
EndProject
Project("{9A19103F-16F7-4668-BE54-9A1E7A4F7556}") = "CreateConfiguration", "Configuration\CreateConfiguration\CreateConfiguration.csproj", "{B9B0A2AE-ABF3-43A9-861F-D3B2F3A5A9CD}"
EndProject
Project("{9A19103F-16F7-4668-BE54-9A1E7A4F7556}") = "CreateMetadata", "Metadata\CreateMetadata\CreateMetadata.csproj", "{F4540A80-7D9F-4310-AFAB-A24F75C25DA5}"
EndProject
Project("{9A19103F-16F7-4668-BE54-9A1E7A4F7556}") = "ExportMetadata", "Metadata\ExportMetadata\ExportMetadata.csproj", "{83461554-B8C9-467F-A967-C039CF15DE7B}"
EndProject
Project("{9A19103F-16F7-4668-BE54-9A1E7A4F7556}") = "ImportMetadata", "Metadata\ImportMetadata\ImportMetadata.csproj", "{D6E92716-73C4-4262-8A01-1C72CAC231F4}"
EndProject
Project("{9A19103F-16F7-4668-BE54-9A1E7A4F7556}") = "GenerateSignature", "Signature\GenerateSignature\GenerateSignature.csproj", "{D0D5E709-63E4-4BB9-BEE2-2F5E3D9A05AA}"
EndProject
Project("{9A19103F-16F7-4668-BE54-9A1E7A4F7556}") = "VerifySignature", "Signature\VerifySignature\VerifySignature.csproj", "{CCC09ED2-BA6A-4973-A8F4-B0EE03BE21C7}"
EndProject
Project("{9A19103F-16F7-4668-BE54-9A1E7A4F7556}") = "ExampleIdentityProvider", "SSO\ExampleIdentityProvider\ExampleIdentityProvider.csproj", "{1F1EA662-9C92-456D-B1FA-E0E78274D7D8}"
EndProject
Project("{9A19103F-16F7-4668-BE54-9A1E7A4F7556}") = "ExampleServiceProvider", "SSO\ExampleServiceProvider\ExampleServiceProvider.csproj", "{9247177A-7CCA-4C76-89BC-174451A1408D}"
EndProject
Project("{9A19103F-16F7-4668-BE54-9A1E7A4F7556}") = "ExampleWebApi", "SSO\ExampleWebApi\ExampleWebApi.csproj", "{A143294B-7230-436F-BE38-E89B56F3186C}"
EndProject
Project("{9A19103F-16F7-4668-BE54-9A1E7A4F7556}") = "MiddlewareIdentityProvider", "SSO\MiddlewareIdentityProvider\MiddlewareIdentityProvider.csproj", "{4465B2D0-33DE-4628-929B-D91FE5980524}"
EndProject
Project("{9A19103F-16F7-4668-BE54-9A1E7A4F7556}") = "MiddlewareServiceProvider", "SSO\MiddlewareServiceProvider\MiddlewareServiceProvider.csproj", "{7AD47BA5-9FEA-4967-8850-A183652B400A}"
EndProject
Project("{9A19103F-16F7-4668-BE54-9A1E7A4F7556}") = "SamlProxy", "SSO\SamlProxy\SamlProxy.csproj", "{AF8256E7-F64D-472F-A729-976340D3A8DF}"
EndProject
Project("{D954291E-2A0B-460D-934E-DC6B0785DB48}") = "Shared", "SSO\Shared\Shared.shproj", "{510AB589-70E8-40B9-AB8D-51D87644327F}"
EndProject
Project("{9A19103F-16F7-4668-BE54-9A1E7A4F7556}") = "Decrypt", "Encryption\Decrypt\Decrypt.csproj", "{76A6F779-FD73-4521-AEA8-5AFF1CD0743C}"
EndProject
Project("{9A19103F-16F7-4668-BE54-9A1E7A4F7556}") = "Encrypt", "Encryption\Encrypt\Encrypt.csproj", "{E8F8848C-FA7C-45D9-9658-3BC4DEFA1C1E}"
EndProject
Global
	GlobalSection(SharedMSBuildProjectFiles) = preSolution
		SSO\Shared\Shared.projitems*{510ab589-70e8-40b9-ab8d-51d87644327f}*SharedItemsImports = 13
	EndGlobalSection
	GlobalSection(SolutionConfigurationPlatforms) = preSolution
		Debug|Any CPU = Debug|Any CPU
		Release|Any CPU = Release|Any CPU
	EndGlobalSection
	GlobalSection(ProjectConfigurationPlatforms) = postSolution
		{B013770B-5348-4BBF-9E0D-275550AFD506}.Debug|Any CPU.ActiveCfg = Debug|Any CPU
		{B013770B-5348-4BBF-9E0D-275550AFD506}.Debug|Any CPU.Build.0 = Debug|Any CPU
		{B013770B-5348-4BBF-9E0D-275550AFD506}.Release|Any CPU.ActiveCfg = Release|Any CPU
		{B013770B-5348-4BBF-9E0D-275550AFD506}.Release|Any CPU.Build.0 = Release|Any CPU
		{B9B0A2AE-ABF3-43A9-861F-D3B2F3A5A9CD}.Debug|Any CPU.ActiveCfg = Debug|Any CPU
		{B9B0A2AE-ABF3-43A9-861F-D3B2F3A5A9CD}.Debug|Any CPU.Build.0 = Debug|Any CPU
		{B9B0A2AE-ABF3-43A9-861F-D3B2F3A5A9CD}.Release|Any CPU.ActiveCfg = Release|Any CPU
		{B9B0A2AE-ABF3-43A9-861F-D3B2F3A5A9CD}.Release|Any CPU.Build.0 = Release|Any CPU
		{F4540A80-7D9F-4310-AFAB-A24F75C25DA5}.Debug|Any CPU.ActiveCfg = Debug|Any CPU
		{F4540A80-7D9F-4310-AFAB-A24F75C25DA5}.Debug|Any CPU.Build.0 = Debug|Any CPU
		{F4540A80-7D9F-4310-AFAB-A24F75C25DA5}.Release|Any CPU.ActiveCfg = Release|Any CPU
		{F4540A80-7D9F-4310-AFAB-A24F75C25DA5}.Release|Any CPU.Build.0 = Release|Any CPU
		{83461554-B8C9-467F-A967-C039CF15DE7B}.Debug|Any CPU.ActiveCfg = Debug|Any CPU
		{83461554-B8C9-467F-A967-C039CF15DE7B}.Debug|Any CPU.Build.0 = Debug|Any CPU
		{83461554-B8C9-467F-A967-C039CF15DE7B}.Release|Any CPU.ActiveCfg = Release|Any CPU
		{83461554-B8C9-467F-A967-C039CF15DE7B}.Release|Any CPU.Build.0 = Release|Any CPU
		{D6E92716-73C4-4262-8A01-1C72CAC231F4}.Debug|Any CPU.ActiveCfg = Debug|Any CPU
		{D6E92716-73C4-4262-8A01-1C72CAC231F4}.Debug|Any CPU.Build.0 = Debug|Any CPU
		{D6E92716-73C4-4262-8A01-1C72CAC231F4}.Release|Any CPU.ActiveCfg = Release|Any CPU
		{D6E92716-73C4-4262-8A01-1C72CAC231F4}.Release|Any CPU.Build.0 = Release|Any CPU
		{D0D5E709-63E4-4BB9-BEE2-2F5E3D9A05AA}.Debug|Any CPU.ActiveCfg = Debug|Any CPU
		{D0D5E709-63E4-4BB9-BEE2-2F5E3D9A05AA}.Debug|Any CPU.Build.0 = Debug|Any CPU
		{D0D5E709-63E4-4BB9-BEE2-2F5E3D9A05AA}.Release|Any CPU.ActiveCfg = Release|Any CPU
		{D0D5E709-63E4-4BB9-BEE2-2F5E3D9A05AA}.Release|Any CPU.Build.0 = Release|Any CPU
		{CCC09ED2-BA6A-4973-A8F4-B0EE03BE21C7}.Debug|Any CPU.ActiveCfg = Debug|Any CPU
		{CCC09ED2-BA6A-4973-A8F4-B0EE03BE21C7}.Debug|Any CPU.Build.0 = Debug|Any CPU
		{CCC09ED2-BA6A-4973-A8F4-B0EE03BE21C7}.Release|Any CPU.ActiveCfg = Release|Any CPU
		{CCC09ED2-BA6A-4973-A8F4-B0EE03BE21C7}.Release|Any CPU.Build.0 = Release|Any CPU
		{1F1EA662-9C92-456D-B1FA-E0E78274D7D8}.Debug|Any CPU.ActiveCfg = Debug|Any CPU
		{1F1EA662-9C92-456D-B1FA-E0E78274D7D8}.Debug|Any CPU.Build.0 = Debug|Any CPU
		{1F1EA662-9C92-456D-B1FA-E0E78274D7D8}.Release|Any CPU.ActiveCfg = Release|Any CPU
		{1F1EA662-9C92-456D-B1FA-E0E78274D7D8}.Release|Any CPU.Build.0 = Release|Any CPU
		{9247177A-7CCA-4C76-89BC-174451A1408D}.Debug|Any CPU.ActiveCfg = Debug|Any CPU
		{9247177A-7CCA-4C76-89BC-174451A1408D}.Debug|Any CPU.Build.0 = Debug|Any CPU
		{9247177A-7CCA-4C76-89BC-174451A1408D}.Release|Any CPU.ActiveCfg = Release|Any CPU
		{9247177A-7CCA-4C76-89BC-174451A1408D}.Release|Any CPU.Build.0 = Release|Any CPU
		{A143294B-7230-436F-BE38-E89B56F3186C}.Debug|Any CPU.ActiveCfg = Debug|Any CPU
		{A143294B-7230-436F-BE38-E89B56F3186C}.Debug|Any CPU.Build.0 = Debug|Any CPU
		{A143294B-7230-436F-BE38-E89B56F3186C}.Release|Any CPU.ActiveCfg = Release|Any CPU
		{A143294B-7230-436F-BE38-E89B56F3186C}.Release|Any CPU.Build.0 = Release|Any CPU
		{4465B2D0-33DE-4628-929B-D91FE5980524}.Debug|Any CPU.ActiveCfg = Debug|Any CPU
		{4465B2D0-33DE-4628-929B-D91FE5980524}.Debug|Any CPU.Build.0 = Debug|Any CPU
		{4465B2D0-33DE-4628-929B-D91FE5980524}.Release|Any CPU.ActiveCfg = Release|Any CPU
		{4465B2D0-33DE-4628-929B-D91FE5980524}.Release|Any CPU.Build.0 = Release|Any CPU
		{7AD47BA5-9FEA-4967-8850-A183652B400A}.Debug|Any CPU.ActiveCfg = Debug|Any CPU
		{7AD47BA5-9FEA-4967-8850-A183652B400A}.Debug|Any CPU.Build.0 = Debug|Any CPU
		{7AD47BA5-9FEA-4967-8850-A183652B400A}.Release|Any CPU.ActiveCfg = Release|Any CPU
		{7AD47BA5-9FEA-4967-8850-A183652B400A}.Release|Any CPU.Build.0 = Release|Any CPU
		{AF8256E7-F64D-472F-A729-976340D3A8DF}.Debug|Any CPU.ActiveCfg = Debug|Any CPU
		{AF8256E7-F64D-472F-A729-976340D3A8DF}.Debug|Any CPU.Build.0 = Debug|Any CPU
		{AF8256E7-F64D-472F-A729-976340D3A8DF}.Release|Any CPU.ActiveCfg = Release|Any CPU
		{AF8256E7-F64D-472F-A729-976340D3A8DF}.Release|Any CPU.Build.0 = Release|Any CPU
		{76A6F779-FD73-4521-AEA8-5AFF1CD0743C}.Debug|Any CPU.ActiveCfg = Debug|Any CPU
		{76A6F779-FD73-4521-AEA8-5AFF1CD0743C}.Debug|Any CPU.Build.0 = Debug|Any CPU
		{76A6F779-FD73-4521-AEA8-5AFF1CD0743C}.Release|Any CPU.ActiveCfg = Release|Any CPU
		{76A6F779-FD73-4521-AEA8-5AFF1CD0743C}.Release|Any CPU.Build.0 = Release|Any CPU
		{E8F8848C-FA7C-45D9-9658-3BC4DEFA1C1E}.Debug|Any CPU.ActiveCfg = Debug|Any CPU
		{E8F8848C-FA7C-45D9-9658-3BC4DEFA1C1E}.Debug|Any CPU.Build.0 = Debug|Any CPU
		{E8F8848C-FA7C-45D9-9658-3BC4DEFA1C1E}.Release|Any CPU.ActiveCfg = Release|Any CPU
		{E8F8848C-FA7C-45D9-9658-3BC4DEFA1C1E}.Release|Any CPU.Build.0 = Release|Any CPU
	EndGlobalSection
	GlobalSection(SolutionProperties) = preSolution
		HideSolutionNode = FALSE
	EndGlobalSection
	GlobalSection(NestedProjects) = preSolution
		{B013770B-5348-4BBF-9E0D-275550AFD506} = {77D297C1-BFCE-4372-9CE0-782B3B440721}
		{B9B0A2AE-ABF3-43A9-861F-D3B2F3A5A9CD} = {86D07B36-D057-468C-8DDF-28C33631E53D}
		{F4540A80-7D9F-4310-AFAB-A24F75C25DA5} = {75954B99-E8E1-449F-9F89-9AE531FA7443}
		{83461554-B8C9-467F-A967-C039CF15DE7B} = {75954B99-E8E1-449F-9F89-9AE531FA7443}
		{D6E92716-73C4-4262-8A01-1C72CAC231F4} = {75954B99-E8E1-449F-9F89-9AE531FA7443}
		{D0D5E709-63E4-4BB9-BEE2-2F5E3D9A05AA} = {3FB89FAB-5EA7-4591-918E-35EEA6A54130}
		{CCC09ED2-BA6A-4973-A8F4-B0EE03BE21C7} = {3FB89FAB-5EA7-4591-918E-35EEA6A54130}
		{1F1EA662-9C92-456D-B1FA-E0E78274D7D8} = {26C952FA-F76E-4F52-A7A1-BC00A1CC8711}
		{9247177A-7CCA-4C76-89BC-174451A1408D} = {26C952FA-F76E-4F52-A7A1-BC00A1CC8711}
		{A143294B-7230-436F-BE38-E89B56F3186C} = {26C952FA-F76E-4F52-A7A1-BC00A1CC8711}
		{4465B2D0-33DE-4628-929B-D91FE5980524} = {26C952FA-F76E-4F52-A7A1-BC00A1CC8711}
		{7AD47BA5-9FEA-4967-8850-A183652B400A} = {26C952FA-F76E-4F52-A7A1-BC00A1CC8711}
		{AF8256E7-F64D-472F-A729-976340D3A8DF} = {26C952FA-F76E-4F52-A7A1-BC00A1CC8711}
		{510AB589-70E8-40B9-AB8D-51D87644327F} = {26C952FA-F76E-4F52-A7A1-BC00A1CC8711}
		{76A6F779-FD73-4521-AEA8-5AFF1CD0743C} = {48646801-56F0-4A3F-80E7-A24B04F45704}
		{E8F8848C-FA7C-45D9-9658-3BC4DEFA1C1E} = {48646801-56F0-4A3F-80E7-A24B04F45704}
	EndGlobalSection
	GlobalSection(ExtensibilityGlobals) = postSolution
		SolutionGuid = {BDB68F6F-0A85-4E56-97F5-3A16FC322489}
	EndGlobalSection
EndGlobal
